
Microsoft Visual Studio Solution File, Format Version 12.00
# Visual Studio Version 17
VisualStudioVersion = 17.2.32616.157
MinimumVisualStudioVersion = 10.0.40219.1
Project("{FAE04EC0-301F-11D3-BF4B-00C04F79EFBC}") = "Day1", "Day1\Day1.csproj", "{81963E7C-12D6-41ED-BA9D-3563674EB0C9}"
EndProject
Project("{2150E333-8FDC-42A3-9474-1A3956D46DE8}") = "Day1", "Day1", "{33A8FB33-7ADD-46FE-AC67-3FEED74A85A0}"
EndProject
Global
	GlobalSection(SolutionConfigurationPlatforms) = preSolution
		Debug|Any CPU = Debug|Any CPU
		Release|Any CPU = Release|Any CPU
	EndGlobalSection
	GlobalSection(ProjectConfigurationPlatforms) = postSolution
		{81963E7C-12D6-41ED-BA9D-3563674EB0C9}.Debug|Any CPU.ActiveCfg = Debug|Any CPU
		{81963E7C-12D6-41ED-BA9D-3563674EB0C9}.Debug|Any CPU.Build.0 = Debug|Any CPU
		{81963E7C-12D6-41ED-BA9D-3563674EB0C9}.Release|Any CPU.ActiveCfg = Release|Any CPU
		{81963E7C-12D6-41ED-BA9D-3563674EB0C9}.Release|Any CPU.Build.0 = Release|Any CPU
	EndGlobalSection
	GlobalSection(SolutionProperties) = preSolution
		HideSolutionNode = FALSE
	EndGlobalSection
	GlobalSection(NestedProjects) = preSolution
		{81963E7C-12D6-41ED-BA9D-3563674EB0C9} = {33A8FB33-7ADD-46FE-AC67-3FEED74A85A0}
	EndGlobalSection
	GlobalSection(ExtensibilityGlobals) = postSolution
		SolutionGuid = {C4F1C582-CB6E-4AA8-B61B-84EC5B13425C}
	EndGlobalSection
EndGlobal
